
Microsoft Visual Studio Solution File, Format Version 12.00
# Visual Studio 15
VisualStudioVersion = 15.0.27703.2047
MinimumVisualStudioVersion = 10.0.40219.1
Project("{9A19103F-16F7-4668-BE54-9A1E7A4F7556}") = "Ace.Utility", "Ace.Utility\Ace.Utility.csproj", "{0537540E-8553-4290-9719-7F39A4965745}"
EndProject
Project("{FAE04EC0-301F-11D3-BF4B-00C04F79EFBC}") = "TestUnit", "TestUnit\TestUnit.csproj", "{DF1F079E-2A22-474C-AC92-07E057DDB3F6}"
EndProject
Global
	GlobalSection(SolutionConfigurationPlatforms) = preSolution
		Debug|Any CPU = Debug|Any CPU
		Release|Any CPU = Release|Any CPU
	EndGlobalSection
	GlobalSection(ProjectConfigurationPlatforms) = postSolution
		{0537540E-8553-4290-9719-7F39A4965745}.Debug|Any CPU.ActiveCfg = Debug|Any CPU
		{0537540E-8553-4290-9719-7F39A4965745}.Debug|Any CPU.Build.0 = Debug|Any CPU
		{0537540E-8553-4290-9719-7F39A4965745}.Release|Any CPU.ActiveCfg = Release|Any CPU
		{0537540E-8553-4290-9719-7F39A4965745}.Release|Any CPU.Build.0 = Release|Any CPU
		{DF1F079E-2A22-474C-AC92-07E057DDB3F6}.Debug|Any CPU.ActiveCfg = Debug|Any CPU
		{DF1F079E-2A22-474C-AC92-07E057DDB3F6}.Debug|Any CPU.Build.0 = Debug|Any CPU
		{DF1F079E-2A22-474C-AC92-07E057DDB3F6}.Release|Any CPU.ActiveCfg = Release|Any CPU
		{DF1F079E-2A22-474C-AC92-07E057DDB3F6}.Release|Any CPU.Build.0 = Release|Any CPU
	EndGlobalSection
	GlobalSection(SolutionProperties) = preSolution
		HideSolutionNode = FALSE
	EndGlobalSection
	GlobalSection(ExtensibilityGlobals) = postSolution
		SolutionGuid = {F39CB28B-3DF7-425B-9257-257937B65ED2}
	EndGlobalSection
EndGlobal
